// !$*UTF8*$!
{
	archiveVersion = 1;
	classes = {
	};
	objectVersion = 50;
	objects = {

/* Begin PBXBuildFile section */
		2E4CDFA5217290B90084E51A /* AppDelegate.swift in Sources */ = {isa = PBXBuildFile; fileRef = 2E4CDFA4217290B90084E51A /* AppDelegate.swift */; };
		2E4CDFA7217290B90084E51A /* ViewController.swift in Sources */ = {isa = PBXBuildFile; fileRef = 2E4CDFA6217290B90084E51A /* ViewController.swift */; };
		2E4CDFAA217290B90084E51A /* Main.storyboard in Resources */ = {isa = PBXBuildFile; fileRef = 2E4CDFA8217290B90084E51A /* Main.storyboard */; };
		2E4CDFAC217290BA0084E51A /* Assets.xcassets in Resources */ = {isa = PBXBuildFile; fileRef = 2E4CDFAB217290BA0084E51A /* Assets.xcassets */; };
		2E4CDFAF217290BA0084E51A /* LaunchScreen.storyboard in Resources */ = {isa = PBXBuildFile; fileRef = 2E4CDFAD217290BA0084E51A /* LaunchScreen.storyboard */; };
		2E4CDFBA217290BA0084E51A /* FlashcardsTests.swift in Sources */ = {isa = PBXBuildFile; fileRef = 2E4CDFB9217290BA0084E51A /* FlashcardsTests.swift */; };
		2E4CDFC5217290BA0084E51A /* FlashcardsUITests.swift in Sources */ = {isa = PBXBuildFile; fileRef = 2E4CDFC4217290BA0084E51A /* FlashcardsUITests.swift */; };
/* End PBXBuildFile section */

/* Begin PBXContainerItemProxy section */
		2E4CDFB6217290BA0084E51A /* PBXContainerItemProxy */ = {
			isa = PBXContainerItemProxy;
			containerPortal = 2E4CDF99217290B80084E51A /* Project object */;
			proxyType = 1;
			remoteGlobalIDString = 2E4CDFA0217290B80084E51A;
			remoteInfo = Flashcards;
		};
		2E4CDFC1217290BA0084E51A /* PBXContainerItemProxy */ = {
			isa = PBXContainerItemProxy;
			containerPortal = 2E4CDF99217290B80084E51A /* Project object */;
			proxyType = 1;
			remoteGlobalIDString = 2E4CDFA0217290B80084E51A;
			remoteInfo = Flashcards;
		};
/* End PBXContainerItemProxy section */

/* Begin PBXFileReference section */
		2E4CDFA1217290B80084E51A /* Flashcards.app */ = {isa = PBXFileReference; explicitFileType = wrapper.application; includeInIndex = 0; path = Flashcards.app; sourceTree = BUILT_PRODUCTS_DIR; };
		2E4CDFA4217290B90084E51A /* AppDelegate.swift */ = {isa = PBXFileReference; lastKnownFileType = sourcecode.swift; path = AppDelegate.swift; sourceTree = "<group>"; };
		2E4CDFA6217290B90084E51A /* ViewController.swift */ = {isa = PBXFileReference; lastKnownFileType = sourcecode.swift; path = ViewController.swift; sourceTree = "<group>"; };
		2E4CDFA9217290B90084E51A /* Base */ = {isa = PBXFileReference; lastKnownFileType = file.storyboard; name = Base; path = Base.lproj/Main.storyboard; sourceTree = "<group>"; };
		2E4CDFAB217290BA0084E51A /* Assets.xcassets */ = {isa = PBXFileReference; lastKnownFileType = folder.assetcatalog; path = Assets.xcassets; sourceTree = "<group>"; };
		2E4CDFAE217290BA0084E51A /* Base */ = {isa = PBXFileReference; lastKnownFileType = file.storyboard; name = Base; path = Base.lproj/LaunchScreen.storyboard; sourceTree = "<group>"; };
		2E4CDFB0217290BA0084E51A /* Info.plist */ = {isa = PBXFileReference; lastKnownFileType = text.plist.xml; path = Info.plist; sourceTree = "<group>"; };
		2E4CDFB5217290BA0084E51A /* FlashcardsTests.xctest */ = {isa = PBXFileReference; explicitFileType = wrapper.cfbundle; includeInIndex = 0; path = FlashcardsTests.xctest; sourceTree = BUILT_PRODUCTS_DIR; };
		2E4CDFB9217290BA0084E51A /* FlashcardsTests.swift */ = {isa = PBXFileReference; lastKnownFileType = sourcecode.swift; path = FlashcardsTests.swift; sourceTree = "<group>"; };
		2E4CDFBB217290BA0084E51A /* Info.plist */ = {isa = PBXFileReference; lastKnownFileType = text.plist.xml; path = Info.plist; sourceTree = "<group>"; };
		2E4CDFC0217290BA0084E51A /* FlashcardsUITests.xctest */ = {isa = PBXFileReference; explicitFileType = wrapper.cfbundle; includeInIndex = 0; path = FlashcardsUITests.xctest; sourceTree = BUILT_PRODUCTS_DIR; };
		2E4CDFC4217290BA0084E51A /* FlashcardsUITests.swift */ = {isa = PBXFileReference; lastKnownFileType = sourcecode.swift; path = FlashcardsUITests.swift; sourceTree = "<group>"; };
		2E4CDFC6217290BA0084E51A /* Info.plist */ = {isa = PBXFileReference; lastKnownFileType = text.plist.xml; path = Info.plist; sourceTree = "<group>"; };
/* End PBXFileReference section */

/* Begin PBXFrameworksBuildPhase section */
		2E4CDF9E217290B80084E51A /* Frameworks */ = {
			isa = PBXFrameworksBuildPhase;
			buildActionMask = 2147483647;
			files = (
			);
			runOnlyForDeploymentPostprocessing = 0;
		};
		2E4CDFB2217290BA0084E51A /* Frameworks */ = {
			isa = PBXFrameworksBuildPhase;
			buildActionMask = 2147483647;
			files = (
			);
			runOnlyForDeploymentPostprocessing = 0;
		};
		2E4CDFBD217290BA0084E51A /* Frameworks */ = {
			isa = PBXFrameworksBuildPhase;
			buildActionMask = 2147483647;
			files = (
			);
			runOnlyForDeploymentPostprocessing = 0;
		};
/* End PBXFrameworksBuildPhase section */

/* Begin PBXGroup section */
		2E4CDF98217290B80084E51A = {
			isa = PBXGroup;
			children = (
				2E4CDFA3217290B80084E51A /* Flashcards */,
				2E4CDFB8217290BA0084E51A /* FlashcardsTests */,
				2E4CDFC3217290BA0084E51A /* FlashcardsUITests */,
				2E4CDFA2217290B80084E51A /* Products */,
			);
			sourceTree = "<group>";
		};
		2E4CDFA2217290B80084E51A /* Products */ = {
			isa = PBXGroup;
			children = (
				2E4CDFA1217290B80084E51A /* Flashcards.app */,
				2E4CDFB5217290BA0084E51A /* FlashcardsTests.xctest */,
				2E4CDFC0217290BA0084E51A /* FlashcardsUITests.xctest */,
			);
			name = Products;
			sourceTree = "<group>";
		};
		2E4CDFA3217290B80084E51A /* Flashcards */ = {
			isa = PBXGroup;
			children = (
				2E4CDFA4217290B90084E51A /* AppDelegate.swift */,
				2E4CDFA6217290B90084E51A /* ViewController.swift */,
				2E4CDFA8217290B90084E51A /* Main.storyboard */,
				2E4CDFAB217290BA0084E51A /* Assets.xcassets */,
				2E4CDFAD217290BA0084E51A /* LaunchScreen.storyboard */,
				2E4CDFB0217290BA0084E51A /* Info.plist */,
			);
			path = Flashcards;
			sourceTree = "<group>";
		};
		2E4CDFB8217290BA0084E51A /* FlashcardsTests */ = {
			isa = PBXGroup;
			children = (
				2E4CDFB9217290BA0084E51A /* FlashcardsTests.swift */,
				2E4CDFBB217290BA0084E51A /* Info.plist */,
			);
			path = FlashcardsTests;
			sourceTree = "<group>";
		};
		2E4CDFC3217290BA0084E51A /* FlashcardsUITests */ = {
			isa = PBXGroup;
			children = (
				2E4CDFC4217290BA0084E51A /* FlashcardsUITests.swift */,
				2E4CDFC6217290BA0084E51A /* Info.plist */,
			);
			path = FlashcardsUITests;
			sourceTree = "<group>";
		};
/* End PBXGroup section */

/* Begin PBXNativeTarget section */
		2E4CDFA0217290B80084E51A /* Flashcards */ = {
			isa = PBXNativeTarget;
			buildConfigurationList = 2E4CDFC9217290BA0084E51A /* Build configuration list for PBXNativeTarget "Flashcards" */;
			buildPhases = (
				2E4CDF9D217290B80084E51A /* Sources */,
				2E4CDF9E217290B80084E51A /* Frameworks */,
				2E4CDF9F217290B80084E51A /* Resources */,
			);
			buildRules = (
			);
			dependencies = (
			);
			name = Flashcards;
			productName = Flashcards;
			productReference = 2E4CDFA1217290B80084E51A /* Flashcards.app */;
			productType = "com.apple.product-type.application";
		};
		2E4CDFB4217290BA0084E51A /* FlashcardsTests */ = {
			isa = PBXNativeTarget;
			buildConfigurationList = 2E4CDFCC217290BA0084E51A /* Build configuration list for PBXNativeTarget "FlashcardsTests" */;
			buildPhases = (
				2E4CDFB1217290BA0084E51A /* Sources */,
				2E4CDFB2217290BA0084E51A /* Frameworks */,
				2E4CDFB3217290BA0084E51A /* Resources */,
			);
			buildRules = (
			);
			dependencies = (
				2E4CDFB7217290BA0084E51A /* PBXTargetDependency */,
			);
			name = FlashcardsTests;
			productName = FlashcardsTests;
			productReference = 2E4CDFB5217290BA0084E51A /* FlashcardsTests.xctest */;
			productType = "com.apple.product-type.bundle.unit-test";
		};
		2E4CDFBF217290BA0084E51A /* FlashcardsUITests */ = {
			isa = PBXNativeTarget;
			buildConfigurationList = 2E4CDFCF217290BA0084E51A /* Build configuration list for PBXNativeTarget "FlashcardsUITests" */;
			buildPhases = (
				2E4CDFBC217290BA0084E51A /* Sources */,
				2E4CDFBD217290BA0084E51A /* Frameworks */,
				2E4CDFBE217290BA0084E51A /* Resources */,
			);
			buildRules = (
			);
			dependencies = (
				2E4CDFC2217290BA0084E51A /* PBXTargetDependency */,
			);
			name = FlashcardsUITests;
			productName = FlashcardsUITests;
			productReference = 2E4CDFC0217290BA0084E51A /* FlashcardsUITests.xctest */;
			productType = "com.apple.product-type.bundle.ui-testing";
		};
/* End PBXNativeTarget section */

/* Begin PBXProject section */
		2E4CDF99217290B80084E51A /* Project object */ = {
			isa = PBXProject;
			attributes = {
				LastSwiftUpdateCheck = 1000;
				LastUpgradeCheck = 1000;
				ORGANIZATIONNAME = Jen;
				TargetAttributes = {
					2E4CDFA0217290B80084E51A = {
						CreatedOnToolsVersion = 10.0;
					};
					2E4CDFB4217290BA0084E51A = {
						CreatedOnToolsVersion = 10.0;
						TestTargetID = 2E4CDFA0217290B80084E51A;
					};
					2E4CDFBF217290BA0084E51A = {
						CreatedOnToolsVersion = 10.0;
						TestTargetID = 2E4CDFA0217290B80084E51A;
					};
				};
			};
			buildConfigurationList = 2E4CDF9C217290B80084E51A /* Build configuration list for PBXProject "Flashcards" */;
			compatibilityVersion = "Xcode 9.3";
			developmentRegion = en;
			hasScannedForEncodings = 0;
			knownRegions = (
				en,
				Base,
			);
			mainGroup = 2E4CDF98217290B80084E51A;
			productRefGroup = 2E4CDFA2217290B80084E51A /* Products */;
			projectDirPath = "";
			projectRoot = "";
			targets = (
				2E4CDFA0217290B80084E51A /* Flashcards */,
				2E4CDFB4217290BA0084E51A /* FlashcardsTests */,
				2E4CDFBF217290BA0084E51A /* FlashcardsUITests */,
			);
		};
/* End PBXProject section */

/* Begin PBXResourcesBuildPhase section */
		2E4CDF9F217290B80084E51A /* Resources */ = {
			isa = PBXResourcesBuildPhase;
			buildActionMask = 2147483647;
			files = (
				2E4CDFAF217290BA0084E51A /* LaunchScreen.storyboard in Resources */,
				2E4CDFAC217290BA0084E51A /* Assets.xcassets in Resources */,
				2E4CDFAA217290B90084E51A /* Main.storyboard in Resources */,
			);
			runOnlyForDeploymentPostprocessing = 0;
		};
		2E4CDFB3217290BA0084E51A /* Resources */ = {
			isa = PBXResourcesBuildPhase;
			buildActionMask = 2147483647;
			files = (
			);
			runOnlyForDeploymentPostprocessing = 0;
		};
		2E4CDFBE217290BA0084E51A /* Resources */ = {
			isa = PBXResourcesBuildPhase;
			buildActionMask = 2147483647;
			files = (
			);
			runOnlyForDeploymentPostprocessing = 0;
		};
/* End PBXResourcesBuildPhase section */

/* Begin PBXSourcesBuildPhase section */
		2E4CDF9D217290B80084E51A /* Sources */ = {
			isa = PBXSourcesBuildPhase;
			buildActionMask = 2147483647;
			files = (
				2E4CDFA7217290B90084E51A /* ViewController.swift in Sources */,
				2E4CDFA5217290B90084E51A /* AppDelegate.swift in Sources */,
			);
			runOnlyForDeploymentPostprocessing = 0;
		};
		2E4CDFB1217290BA0084E51A /* Sources */ = {
			isa = PBXSourcesBuildPhase;
			buildActionMask = 2147483647;
			files = (
				2E4CDFBA217290BA0084E51A /* FlashcardsTests.swift in Sources */,
			);
			runOnlyForDeploymentPostprocessing = 0;
		};
		2E4CDFBC217290BA0084E51A /* Sources */ = {
			isa = PBXSourcesBuildPhase;
			buildActionMask = 2147483647;
			files = (
				2E4CDFC5217290BA0084E51A /* FlashcardsUITests.swift in Sources */,
			);
			runOnlyForDeploymentPostprocessing = 0;
		};
/* End PBXSourcesBuildPhase section */

/* Begin PBXTargetDependency section */
		2E4CDFB7217290BA0084E51A /* PBXTargetDependency */ = {
			isa = PBXTargetDependency;
			target = 2E4CDFA0217290B80084E51A /* Flashcards */;
			targetProxy = 2E4CDFB6217290BA0084E51A /* PBXContainerItemProxy */;
		};
		2E4CDFC2217290BA0084E51A /* PBXTargetDependency */ = {
			isa = PBXTargetDependency;
			target = 2E4CDFA0217290B80084E51A /* Flashcards */;
			targetProxy = 2E4CDFC1217290BA0084E51A /* PBXContainerItemProxy */;
		};
/* End PBXTargetDependency section */

/* Begin PBXVariantGroup section */
		2E4CDFA8217290B90084E51A /* Main.storyboard */ = {
			isa = PBXVariantGroup;
			children = (
				2E4CDFA9217290B90084E51A /* Base */,
			);
			name = Main.storyboard;
			sourceTree = "<group>";
		};
		2E4CDFAD217290BA0084E51A /* LaunchScreen.storyboard */ = {
			isa = PBXVariantGroup;
			children = (
				2E4CDFAE217290BA0084E51A /* Base */,
			);
			name = LaunchScreen.storyboard;
			sourceTree = "<group>";
		};
/* End PBXVariantGroup section */

/* Begin XCBuildConfiguration section */
		2E4CDFC7217290BA0084E51A /* Debug */ = {
			isa = XCBuildConfiguration;
			buildSettings = {
				ALWAYS_SEARCH_USER_PATHS = NO;
				CLANG_ANALYZER_NONNULL = YES;
				CLANG_ANALYZER_NUMBER_OBJECT_CONVERSION = YES_AGGRESSIVE;
				CLANG_CXX_LANGUAGE_STANDARD = "gnu++14";
				CLANG_CXX_LIBRARY = "libc++";
				CLANG_ENABLE_MODULES = YES;
				CLANG_ENABLE_OBJC_ARC = YES;
				CLANG_ENABLE_OBJC_WEAK = YES;
				CLANG_WARN_BLOCK_CAPTURE_AUTORELEASING = YES;
				CLANG_WARN_BOOL_CONVERSION = YES;
				CLANG_WARN_COMMA = YES;
				CLANG_WARN_CONSTANT_CONVERSION = YES;
				CLANG_WARN_DEPRECATED_OBJC_IMPLEMENTATIONS = YES;
				CLANG_WARN_DIRECT_OBJC_ISA_USAGE = YES_ERROR;
				CLANG_WARN_DOCUMENTATION_COMMENTS = YES;
				CLANG_WARN_EMPTY_BODY = YES;
				CLANG_WARN_ENUM_CONVERSION = YES;
				CLANG_WARN_INFINITE_RECURSION = YES;
				CLANG_WARN_INT_CONVERSION = YES;
				CLANG_WARN_NON_LITERAL_NULL_CONVERSION = YES;
				CLANG_WARN_OBJC_IMPLICIT_RETAIN_SELF = YES;
				CLANG_WARN_OBJC_LITERAL_CONVERSION = YES;
				CLANG_WARN_OBJC_ROOT_CLASS = YES_ERROR;
				CLANG_WARN_RANGE_LOOP_ANALYSIS = YES;
				CLANG_WARN_STRICT_PROTOTYPES = YES;
				CLANG_WARN_SUSPICIOUS_MOVE = YES;
				CLANG_WARN_UNGUARDED_AVAILABILITY = YES_AGGRESSIVE;
				CLANG_WARN_UNREACHABLE_CODE = YES;
				CLANG_WARN__DUPLICATE_METHOD_MATCH = YES;
				CODE_SIGN_IDENTITY = "iPhone Developer";
				COPY_PHASE_STRIP = NO;
				DEBUG_INFORMATION_FORMAT = dwarf;
				ENABLE_STRICT_OBJC_MSGSEND = YES;
				ENABLE_TESTABILITY = YES;
				GCC_C_LANGUAGE_STANDARD = gnu11;
				GCC_DYNAMIC_NO_PIC = NO;
				GCC_NO_COMMON_BLOCKS = YES;
				GCC_OPTIMIZATION_LEVEL = 0;
				GCC_PREPROCESSOR_DEFINITIONS = (
					"DEBUG=1",
					"$(inherited)",
				);
				GCC_WARN_64_TO_32_BIT_CONVERSION = YES;
				GCC_WARN_ABOUT_RETURN_TYPE = YES_ERROR;
				GCC_WARN_UNDECLARED_SELECTOR = YES;
				GCC_WARN_UNINITIALIZED_AUTOS = YES_AGGRESSIVE;
				GCC_WARN_UNUSED_FUNCTION = YES;
				GCC_WARN_UNUSED_VARIABLE = YES;
				IPHONEOS_DEPLOYMENT_TARGET = 12.0;
				MTL_ENABLE_DEBUG_INFO = INCLUDE_SOURCE;
				MTL_FAST_MATH = YES;
				ONLY_ACTIVE_ARCH = YES;
				SDKROOT = iphoneos;
				SWIFT_ACTIVE_COMPILATION_CONDITIONS = DEBUG;
				SWIFT_OPTIMIZATION_LEVEL = "-Onone";
			};
			name = Debug;
		};
		2E4CDFC8217290BA0084E51A /* Release */ = {
			isa = XCBuildConfiguration;
			buildSettings = {
				ALWAYS_SEARCH_USER_PATHS = NO;
				CLANG_ANALYZER_NONNULL = YES;
				CLANG_ANALYZER_NUMBER_OBJECT_CONVERSION = YES_AGGRESSIVE;
				CLANG_CXX_LANGUAGE_STANDARD = "gnu++14";
				CLANG_CXX_LIBRARY = "libc++";
				CLANG_ENABLE_MODULES = YES;
				CLANG_ENABLE_OBJC_ARC = YES;
				CLANG_ENABLE_OBJC_WEAK = YES;
				CLANG_WARN_BLOCK_CAPTURE_AUTORELEASING = YES;
				CLANG_WARN_BOOL_CONVERSION = YES;
				CLANG_WARN_COMMA = YES;
				CLANG_WARN_CONSTANT_CONVERSION = YES;
				CLANG_WARN_DEPRECATED_OBJC_IMPLEMENTATIONS = YES;
				CLANG_WARN_DIRECT_OBJC_ISA_USAGE = YES_ERROR;
				CLANG_WARN_DOCUMENTATION_COMMENTS = YES;
				CLANG_WARN_EMPTY_BODY = YES;
				CLANG_WARN_ENUM_CONVERSION = YES;
				CLANG_WARN_INFINITE_RECURSION = YES;
				CLANG_WARN_INT_CONVERSION = YES;
				CLANG_WARN_NON_LITERAL_NULL_CONVERSION = YES;
				CLANG_WARN_OBJC_IMPLICIT_RETAIN_SELF = YES;
				CLANG_WARN_OBJC_LITERAL_CONVERSION = YES;
				CLANG_WARN_OBJC_ROOT_CLASS = YES_ERROR;
				CLANG_WARN_RANGE_LOOP_ANALYSIS = YES;
				CLANG_WARN_STRICT_PROTOTYPES = YES;
				CLANG_WARN_SUSPICIOUS_MOVE = YES;
				CLANG_WARN_UNGUARDED_AVAILABILITY = YES_AGGRESSIVE;
				CLANG_WARN_UNREACHABLE_CODE = YES;
				CLANG_WARN__DUPLICATE_METHOD_MATCH = YES;
				CODE_SIGN_IDENTITY = "iPhone Developer";
				COPY_PHASE_STRIP = NO;
				DEBUG_INFORMATION_FORMAT = "dwarf-with-dsym";
				ENABLE_NS_ASSERTIONS = NO;
				ENABLE_STRICT_OBJC_MSGSEND = YES;
				GCC_C_LANGUAGE_STANDARD = gnu11;
				GCC_NO_COMMON_BLOCKS = YES;
				GCC_WARN_64_TO_32_BIT_CONVERSION = YES;
				GCC_WARN_ABOUT_RETURN_TYPE = YES_ERROR;
				GCC_WARN_UNDECLARED_SELECTOR = YES;
				GCC_WARN_UNINITIALIZED_AUTOS = YES_AGGRESSIVE;
				GCC_WARN_UNUSED_FUNCTION = YES;
				GCC_WARN_UNUSED_VARIABLE = YES;
				IPHONEOS_DEPLOYMENT_TARGET = 12.0;
				MTL_ENABLE_DEBUG_INFO = NO;
				MTL_FAST_MATH = YES;
				SDKROOT = iphoneos;
				SWIFT_COMPILATION_MODE = wholemodule;
				SWIFT_OPTIMIZATION_LEVEL = "-O";
				VALIDATE_PRODUCT = YES;
			};
			name = Release;
		};
		2E4CDFCA217290BA0084E51A /* Debug */ = {
			isa = XCBuildConfiguration;
			buildSettings = {
				ASSETCATALOG_COMPILER_APPICON_NAME = AppIcon;
				CODE_SIGN_STYLE = Automatic;
				INFOPLIST_FILE = Flashcards/Info.plist;
				LD_RUNPATH_SEARCH_PATHS = (
					"$(inherited)",
					"@executable_path/Frameworks",
				);
				PRODUCT_BUNDLE_IDENTIFIER = com.jen.Flashcards;
				PRODUCT_NAME = "$(TARGET_NAME)";
				SWIFT_VERSION = 4.2;
				TARGETED_DEVICE_FAMILY = "1,2";
			};
			name = Debug;
		};
		2E4CDFCB217290BA0084E51A /* Release */ = {
			isa = XCBuildConfiguration;
			buildSettings = {
				ASSETCATALOG_COMPILER_APPICON_NAME = AppIcon;
				CODE_SIGN_STYLE = Automatic;
				INFOPLIST_FILE = Flashcards/Info.plist;
				LD_RUNPATH_SEARCH_PATHS = (
					"$(inherited)",
					"@executable_path/Frameworks",
				);
				PRODUCT_BUNDLE_IDENTIFIER = com.jen.Flashcards;
				PRODUCT_NAME = "$(TARGET_NAME)";
				SWIFT_VERSION = 4.2;
				TARGETED_DEVICE_FAMILY = "1,2";
			};
			name = Release;
		};
		2E4CDFCD217290BA0084E51A /* Debug */ = {
			isa = XCBuildConfiguration;
			buildSettings = {
				ALWAYS_EMBED_SWIFT_STANDARD_LIBRARIES = YES;
				BUNDLE_LOADER = "$(TEST_HOST)";
				CODE_SIGN_STYLE = Automatic;
				INFOPLIST_FILE = FlashcardsTests/Info.plist;
				LD_RUNPATH_SEARCH_PATHS = (
					"$(inherited)",
					"@executable_path/Frameworks",
					"@loader_path/Frameworks",
				);
				PRODUCT_BUNDLE_IDENTIFIER = com.jen.FlashcardsTests;
				PRODUCT_NAME = "$(TARGET_NAME)";
				SWIFT_VERSION = 4.2;
				TARGETED_DEVICE_FAMILY = "1,2";
				TEST_HOST = "$(BUILT_PRODUCTS_DIR)/Flashcards.app/Flashcards";
			};
			name = Debug;
		};
		2E4CDFCE217290BA0084E51A /* Release */ = {
			isa = XCBuildConfiguration;
			buildSettings = {
				ALWAYS_EMBED_SWIFT_STANDARD_LIBRARIES = YES;
				BUNDLE_LOADER = "$(TEST_HOST)";
				CODE_SIGN_STYLE = Automatic;
				INFOPLIST_FILE = FlashcardsTests/Info.plist;
				LD_RUNPATH_SEARCH_PATHS = (
					"$(inherited)",
					"@executable_path/Frameworks",
					"@loader_path/Frameworks",
				);
				PRODUCT_BUNDLE_IDENTIFIER = com.jen.FlashcardsTests;
				PRODUCT_NAME = "$(TARGET_NAME)";
				SWIFT_VERSION = 4.2;
				TARGETED_DEVICE_FAMILY = "1,2";
				TEST_HOST = "$(BUILT_PRODUCTS_DIR)/Flashcards.app/Flashcards";
			};
			name = Release;
		};
		2E4CDFD0217290BA0084E51A /* Debug */ = {
			isa = XCBuildConfiguration;
			buildSettings = {
				ALWAYS_EMBED_SWIFT_STANDARD_LIBRARIES = YES;
				CODE_SIGN_STYLE = Automatic;
				INFOPLIST_FILE = FlashcardsUITests/Info.plist;
				LD_RUNPATH_SEARCH_PATHS = (
					"$(inherited)",
					"@executable_path/Frameworks",
					"@loader_path/Frameworks",
				);
				PRODUCT_BUNDLE_IDENTIFIER = com.jen.FlashcardsUITests;
				PRODUCT_NAME = "$(TARGET_NAME)";
				SWIFT_VERSION = 4.2;
				TARGETED_DEVICE_FAMILY = "1,2";
				TEST_TARGET_NAME = Flashcards;
			};
			name = Debug;
		};
		2E4CDFD1217290BA0084E51A /* Release */ = {
			isa = XCBuildConfiguration;
			buildSettings = {
				ALWAYS_EMBED_SWIFT_STANDARD_LIBRARIES = YES;
				CODE_SIGN_STYLE = Automatic;
				INFOPLIST_FILE = FlashcardsUITests/Info.plist;
				LD_RUNPATH_SEARCH_PATHS = (
					"$(inherited)",
					"@executable_path/Frameworks",
					"@loader_path/Frameworks",
				);
				PRODUCT_BUNDLE_IDENTIFIER = com.jen.FlashcardsUITests;
				PRODUCT_NAME = "$(TARGET_NAME)";
				SWIFT_VERSION = 4.2;
				TARGETED_DEVICE_FAMILY = "1,2";
				TEST_TARGET_NAME = Flashcards;
			};
			name = Release;
		};
/* End XCBuildConfiguration section */

/* Begin XCConfigurationList section */
		2E4CDF9C217290B80084E51A /* Build configuration list for PBXProject "Flashcards" */ = {
			isa = XCConfigurationList;
			buildConfigurations = (
				2E4CDFC7217290BA0084E51A /* Debug */,
				2E4CDFC8217290BA0084E51A /* Release */,
			);
			defaultConfigurationIsVisible = 0;
			defaultConfigurationName = Release;
		};
		2E4CDFC9217290BA0084E51A /* Build configuration list for PBXNativeTarget "Flashcards" */ = {
			isa = XCConfigurationList;
			buildConfigurations = (
				2E4CDFCA217290BA0084E51A /* Debug */,
				2E4CDFCB217290BA0084E51A /* Release */,
			);
			defaultConfigurationIsVisible = 0;
			defaultConfigurationName = Release;
		};
		2E4CDFCC217290BA0084E51A /* Build configuration list for PBXNativeTarget "FlashcardsTests" */ = {
			isa = XCConfigurationList;
			buildConfigurations = (
				2E4CDFCD217290BA0084E51A /* Debug */,
				2E4CDFCE217290BA0084E51A /* Release */,
			);
			defaultConfigurationIsVisible = 0;
			defaultConfigurationName = Release;
		};
		2E4CDFCF217290BA0084E51A /* Build configuration list for PBXNativeTarget "FlashcardsUITests" */ = {
			isa = XCConfigurationList;
			buildConfigurations = (
				2E4CDFD0217290BA0084E51A /* Debug */,
				2E4CDFD1217290BA0084E51A /* Release */,
			);
			defaultConfigurationIsVisible = 0;
			defaultConfigurationName = Release;
		};
/* End XCConfigurationList section */
	};
	rootObject = 2E4CDF99217290B80084E51A /* Project object */;
}
